# Generated by move; do not edit
# This file should be checked in.

[move]
version = 4

[pinned.mainnet.MoveStdlib]
source = { git = "https://github.com/MystenLabs/sui.git", subdir = "crates/sui-framework/packages/move-stdlib", rev = "ae59d7718668b468ce65702ecb0440aa2330f389" }
use_environment = "mainnet"
manifest_digest = "C4FE4C91DE74CBF223B2E380AE40F592177D21870DC2D7EB6227D2D694E05363"
deps = {}

[pinned.mainnet.Sui]
source = { git = "https://github.com/MystenLabs/sui.git", subdir = "crates/sui-framework/packages/sui-framework", rev = "ae59d7718668b468ce65702ecb0440aa2330f389" }
use_environment = "mainnet"
manifest_digest = "CD547CB1ACCE0880C835DAED2D8FFCB91D56C833AE5240D3AA5B918398263195"
deps = { MoveStdlib = "MoveStdlib" }

[pinned.mainnet.bps]
source = { git = "https://github.com/unconfirmedlabs/bps.git", subdir = ".", rev = "4ca1972a67d35c972ca567de7b08315e3778e52b" }
use_environment = "mainnet"
manifest_digest = "E41BBD67BE8940D26C79D78B028477EF5B33BA217A1282C78ACB344CF8A5ECF6"
deps = { std = "MoveStdlib", sui = "Sui" }

[pinned.mainnet.musicos]
source = { git = "https://github.com/misofm/musicos.git", subdir = ".", rev = "5d16455af2ff1ccaa80f86475fec95d95df41e06" }
use_environment = "mainnet"
manifest_digest = "EBE52C1874AC20E88AA91DCA6340C7105A604AD0E602F23C301406F5C7274E37"
deps = { bps = "bps", other_recording_share = "other_recording_share", recording_share = "recording_share", share = "share", std = "MoveStdlib", sui = "Sui" }

[pinned.mainnet.other_recording_share]
source = { git = "https://github.com/misofm/musicos.git", subdir = "fixtures/other_recording_share", rev = "5d16455af2ff1ccaa80f86475fec95d95df41e06" }
use_environment = "mainnet"
manifest_digest = "E41BBD67BE8940D26C79D78B028477EF5B33BA217A1282C78ACB344CF8A5ECF6"
deps = { std = "MoveStdlib", sui = "Sui" }

[pinned.mainnet.record]
source = { git = "https://github.com/misofm/record.git", subdir = ".", rev = "8b996367e2d828b27b76d310c65b7eeda84c72df" }
use_environment = "mainnet"
manifest_digest = "AD31BBCDE1DCC44F110C0BCC6B42C0144E57170817A7627DBFFC0AF0DCCA1F06"
deps = { musicos = "musicos", std = "MoveStdlib", sui = "Sui" }

[pinned.mainnet.record_shop]
source = { root = true }
use_environment = "mainnet"
manifest_digest = "C795044896D7749B2AB760F015B1EF872FCABBD874F057C2B009615FB49AF611"
deps = { musicos = "musicos", record = "record", std = "MoveStdlib", sui = "Sui" }

[pinned.mainnet.recording_share]
source = { git = "https://github.com/misofm/musicos.git", subdir = "fixtures/recording_share", rev = "5d16455af2ff1ccaa80f86475fec95d95df41e06" }
use_environment = "mainnet"
manifest_digest = "E41BBD67BE8940D26C79D78B028477EF5B33BA217A1282C78ACB344CF8A5ECF6"
deps = { std = "MoveStdlib", sui = "Sui" }

[pinned.mainnet.share]
source = { git = "https://github.com/misofm/share.git", subdir = ".", rev = "6ac1dbf022e74957c5ec15ecf95890e28889cd62" }
use_environment = "mainnet"
manifest_digest = "E41BBD67BE8940D26C79D78B028477EF5B33BA217A1282C78ACB344CF8A5ECF6"
deps = { std = "MoveStdlib", sui = "Sui" }

[pinned.testnet.MoveStdlib]
source = { git = "https://github.com/MystenLabs/sui.git", subdir = "crates/sui-framework/packages/move-stdlib", rev = "2a0becb2fcc6989e492981104af67f62f2c9511a" }
use_environment = "testnet"
manifest_digest = "C4FE4C91DE74CBF223B2E380AE40F592177D21870DC2D7EB6227D2D694E05363"
deps = {}

[pinned.testnet.Sui]
source = { git = "https://github.com/MystenLabs/sui.git", subdir = "crates/sui-framework/packages/sui-framework", rev = "2a0becb2fcc6989e492981104af67f62f2c9511a" }
use_environment = "testnet"
manifest_digest = "7AFB66695545775FBFBB2D3078ADFD084244D5002392E837FDE21D9EA1C6D01C"
deps = { MoveStdlib = "MoveStdlib" }

[pinned.testnet.bps]
source = { git = "https://github.com/unconfirmedlabs/bps.git", subdir = ".", rev = "4ca1972a67d35c972ca567de7b08315e3778e52b" }
use_environment = "testnet"
manifest_digest = "5745706258F61D6CE210904B3E6AE87A73CE9D31A6F93BE4718C442529332A87"
deps = { std = "MoveStdlib", sui = "Sui" }

[pinned.testnet.musicos]
source = { git = "https://github.com/misofm/musicos.git", subdir = ".", rev = "5d16455af2ff1ccaa80f86475fec95d95df41e06" }
use_environment = "testnet"
manifest_digest = "644F9C882BCD646A796675B035C0BC915CAD95E38745CAB825857A1A814251D9"
deps = { bps = "bps", other_recording_share = "other_recording_share", recording_share = "recording_share", share = "share", std = "MoveStdlib", sui = "Sui" }

[pinned.testnet.other_recording_share]
source = { git = "https://github.com/misofm/musicos.git", subdir = "fixtures/other_recording_share", rev = "5d16455af2ff1ccaa80f86475fec95d95df41e06" }
use_environment = "testnet"
manifest_digest = "5745706258F61D6CE210904B3E6AE87A73CE9D31A6F93BE4718C442529332A87"
deps = { std = "MoveStdlib", sui = "Sui" }

[pinned.testnet.record]
source = { git = "https://github.com/misofm/record.git", subdir = ".", rev = "7943c2dd1b60d7b294fe66bca2e0936a68d44b66" }
use_environment = "testnet"
manifest_digest = "72D605C654A6E16747E87583E5A7F93EE8B6EA17E57D44445FCC3FB5EF1AA722"
deps = { musicos = "musicos", std = "MoveStdlib", sui = "Sui" }

[pinned.testnet.record_shop]
source = { root = true }
use_environment = "testnet"
manifest_digest = "B02A485F02C007CA91CBCE022BF31895C2C0166D805AF063B898DF496294444C"
deps = { musicos = "musicos", record = "record", std = "MoveStdlib", sui = "Sui" }

[pinned.testnet.recording_share]
source = { git = "https://github.com/misofm/musicos.git", subdir = "fixtures/recording_share", rev = "5d16455af2ff1ccaa80f86475fec95d95df41e06" }
use_environment = "testnet"
manifest_digest = "5745706258F61D6CE210904B3E6AE87A73CE9D31A6F93BE4718C442529332A87"
deps = { std = "MoveStdlib", sui = "Sui" }

[pinned.testnet.share]
source = { git = "https://github.com/misofm/share.git", subdir = ".", rev = "6ac1dbf022e74957c5ec15ecf95890e28889cd62" }
use_environment = "testnet"
manifest_digest = "5745706258F61D6CE210904B3E6AE87A73CE9D31A6F93BE4718C442529332A87"
deps = { std = "MoveStdlib", sui = "Sui" }
